
Microsoft Visual Studio Solution File, Format Version 12.00
# Visual Studio Version 16
VisualStudioVersion = 16.0.29326.143
MinimumVisualStudioVersion = 10.0.40219.1
Project("{FAE04EC0-301F-11D3-BF4B-00C04F79EFBC}") = "SystemGlobal_Ecommerce", "SystemGlobal_Ecommerce\SystemGlobal_Ecommerce.csproj", "{B209FFBA-59AD-4375-AFDF-B25E265DDA32}"
EndProject
Project("{FAE04EC0-301F-11D3-BF4B-00C04F79EFBC}") = "xAPI.Entity", "xAPI.Entity\xAPI.Entity.csproj", "{C7EFA88E-8E32-4EA4-BE18-0A379BD524D9}"
EndProject
Project("{FAE04EC0-301F-11D3-BF4B-00C04F79EFBC}") = "xAPI.Library", "xAPI.Library\xAPI.Library.csproj", "{9899AC03-DC79-459F-8A26-663E2FE3DD5F}"
EndProject
Project("{FAE04EC0-301F-11D3-BF4B-00C04F79EFBC}") = "xAPI.Dao", "xAPI.Dao\xAPI.Dao.csproj", "{ED5B4737-1DED-4006-A97B-59190767D327}"
EndProject
Project("{FAE04EC0-301F-11D3-BF4B-00C04F79EFBC}") = "xAPI.BL", "xAPI.BL\xAPI.BL.csproj", "{47E274FB-F9DF-4D03-834E-64C2A580C3CC}"
EndProject
Global
	GlobalSection(SolutionConfigurationPlatforms) = preSolution
		Debug|Any CPU = Debug|Any CPU
		Release|Any CPU = Release|Any CPU
	EndGlobalSection
	GlobalSection(ProjectConfigurationPlatforms) = postSolution
		{B209FFBA-59AD-4375-AFDF-B25E265DDA32}.Debug|Any CPU.ActiveCfg = Debug|Any CPU
		{B209FFBA-59AD-4375-AFDF-B25E265DDA32}.Debug|Any CPU.Build.0 = Debug|Any CPU
		{B209FFBA-59AD-4375-AFDF-B25E265DDA32}.Release|Any CPU.ActiveCfg = Release|Any CPU
		{B209FFBA-59AD-4375-AFDF-B25E265DDA32}.Release|Any CPU.Build.0 = Release|Any CPU
		{C7EFA88E-8E32-4EA4-BE18-0A379BD524D9}.Debug|Any CPU.ActiveCfg = Debug|Any CPU
		{C7EFA88E-8E32-4EA4-BE18-0A379BD524D9}.Debug|Any CPU.Build.0 = Debug|Any CPU
		{C7EFA88E-8E32-4EA4-BE18-0A379BD524D9}.Release|Any CPU.ActiveCfg = Release|Any CPU
		{C7EFA88E-8E32-4EA4-BE18-0A379BD524D9}.Release|Any CPU.Build.0 = Release|Any CPU
		{9899AC03-DC79-459F-8A26-663E2FE3DD5F}.Debug|Any CPU.ActiveCfg = Debug|Any CPU
		{9899AC03-DC79-459F-8A26-663E2FE3DD5F}.Debug|Any CPU.Build.0 = Debug|Any CPU
		{9899AC03-DC79-459F-8A26-663E2FE3DD5F}.Release|Any CPU.ActiveCfg = Release|Any CPU
		{9899AC03-DC79-459F-8A26-663E2FE3DD5F}.Release|Any CPU.Build.0 = Release|Any CPU
		{ED5B4737-1DED-4006-A97B-59190767D327}.Debug|Any CPU.ActiveCfg = Debug|Any CPU
		{ED5B4737-1DED-4006-A97B-59190767D327}.Debug|Any CPU.Build.0 = Debug|Any CPU
		{ED5B4737-1DED-4006-A97B-59190767D327}.Release|Any CPU.ActiveCfg = Release|Any CPU
		{ED5B4737-1DED-4006-A97B-59190767D327}.Release|Any CPU.Build.0 = Release|Any CPU
		{47E274FB-F9DF-4D03-834E-64C2A580C3CC}.Debug|Any CPU.ActiveCfg = Debug|Any CPU
		{47E274FB-F9DF-4D03-834E-64C2A580C3CC}.Debug|Any CPU.Build.0 = Debug|Any CPU
		{47E274FB-F9DF-4D03-834E-64C2A580C3CC}.Release|Any CPU.ActiveCfg = Release|Any CPU
		{47E274FB-F9DF-4D03-834E-64C2A580C3CC}.Release|Any CPU.Build.0 = Release|Any CPU
	EndGlobalSection
	GlobalSection(SolutionProperties) = preSolution
		HideSolutionNode = FALSE
	EndGlobalSection
	GlobalSection(ExtensibilityGlobals) = postSolution
		SolutionGuid = {3FE8DB36-99A6-44C2-A3E9-D230B2A24D54}
	EndGlobalSection
EndGlobal
